
Microsoft Visual Studio Solution File, Format Version 12.00
# Visual Studio 14
VisualStudioVersion = 14.0.25420.1
MinimumVisualStudioVersion = 10.0.40219.1
Project("{FAE04EC0-301F-11D3-BF4B-00C04F79EFBC}") = "AnotherTriviaSlackBot", "AnotherTriviaSlackBot\AnotherTriviaSlackBot.csproj", "{80D890E6-033E-4251-897B-22ADF7F9ABA8}"
EndProject
Project("{2150E333-8FDC-42A3-9474-1A3956D46DE8}") = "Solution Items", "Solution Items", "{29A1C7E7-362D-46EF-A906-4DB2D149CDA0}"
	ProjectSection(SolutionItems) = preProject
		questions\questions.sqlite = questions\questions.sqlite
	EndProjectSection
EndProject
Global
	GlobalSection(SolutionConfigurationPlatforms) = preSolution
		Debug|Any CPU = Debug|Any CPU
		Release|Any CPU = Release|Any CPU
	EndGlobalSection
	GlobalSection(ProjectConfigurationPlatforms) = postSolution
		{80D890E6-033E-4251-897B-22ADF7F9ABA8}.Debug|Any CPU.ActiveCfg = Debug|Any CPU
		{80D890E6-033E-4251-897B-22ADF7F9ABA8}.Debug|Any CPU.Build.0 = Debug|Any CPU
		{80D890E6-033E-4251-897B-22ADF7F9ABA8}.Release|Any CPU.ActiveCfg = Release|Any CPU
		{80D890E6-033E-4251-897B-22ADF7F9ABA8}.Release|Any CPU.Build.0 = Release|Any CPU
	EndGlobalSection
	GlobalSection(SolutionProperties) = preSolution
		HideSolutionNode = FALSE
	EndGlobalSection
	GlobalSection(ExtensibilityGlobals) = postSolution
		VisualSVNWorkingCopyRoot = .
	EndGlobalSection
EndGlobal
